
Microsoft Visual Studio Solution File, Format Version 12.00
# Visual Studio Version 17
VisualStudioVersion = 17.3.32825.248
MinimumVisualStudioVersion = 10.0.40219.1
Project("{8BC9CEB8-8B4A-11D0-8D11-00A0C91BC942}") = "cycles_cpp", "cycles_cpp\cycles_cpp.vcxproj", "{791AB8B8-2322-4C5A-8003-833765A445A1}"
EndProject
Global
	GlobalSection(SolutionConfigurationPlatforms) = preSolution
		Debug|x64 = Debug|x64
		Debug|x86 = Debug|x86
		Release|x64 = Release|x64
		Release|x86 = Release|x86
	EndGlobalSection
	GlobalSection(ProjectConfigurationPlatforms) = postSolution
		{791AB8B8-2322-4C5A-8003-833765A445A1}.Debug|x64.ActiveCfg = Debug|x64
		{791AB8B8-2322-4C5A-8003-833765A445A1}.Debug|x64.Build.0 = Debug|x64
		{791AB8B8-2322-4C5A-8003-833765A445A1}.Debug|x86.ActiveCfg = Debug|Win32
		{791AB8B8-2322-4C5A-8003-833765A445A1}.Debug|x86.Build.0 = Debug|Win32
		{791AB8B8-2322-4C5A-8003-833765A445A1}.Release|x64.ActiveCfg = Release|x64
		{791AB8B8-2322-4C5A-8003-833765A445A1}.Release|x64.Build.0 = Release|x64
		{791AB8B8-2322-4C5A-8003-833765A445A1}.Release|x86.ActiveCfg = Release|Win32
		{791AB8B8-2322-4C5A-8003-833765A445A1}.Release|x86.Build.0 = Release|Win32
	EndGlobalSection
	GlobalSection(SolutionProperties) = preSolution
		HideSolutionNode = FALSE
	EndGlobalSection
	GlobalSection(ExtensibilityGlobals) = postSolution
		SolutionGuid = {A961CEFD-9509-4322-9BE9-92979B6EE87C}
	EndGlobalSection
EndGlobal
